
Microsoft Visual Studio Solution File, Format Version 12.00
# Visual Studio Version 16
VisualStudioVersion = 16.0.29306.81
MinimumVisualStudioVersion = 10.0.40219.1
Project("{FAE04EC0-301F-11D3-BF4B-00C04F79EFBC}") = "Farba", "Farba\Farba.csproj", "{A1CB66A5-335A-4E1C-BC3B-2D7273A95981}"
EndProject
Global
	GlobalSection(SolutionConfigurationPlatforms) = preSolution
		Debug|Any CPU = Debug|Any CPU
		Release|Any CPU = Release|Any CPU
	EndGlobalSection
	GlobalSection(ProjectConfigurationPlatforms) = postSolution
		{A1CB66A5-335A-4E1C-BC3B-2D7273A95981}.Debug|Any CPU.ActiveCfg = Debug|Any CPU
		{A1CB66A5-335A-4E1C-BC3B-2D7273A95981}.Debug|Any CPU.Build.0 = Debug|Any CPU
		{A1CB66A5-335A-4E1C-BC3B-2D7273A95981}.Release|Any CPU.ActiveCfg = Release|Any CPU
		{A1CB66A5-335A-4E1C-BC3B-2D7273A95981}.Release|Any CPU.Build.0 = Release|Any CPU
	EndGlobalSection
	GlobalSection(SolutionProperties) = preSolution
		HideSolutionNode = FALSE
	EndGlobalSection
	GlobalSection(ExtensibilityGlobals) = postSolution
		SolutionGuid = {F0AB2CD7-77A8-4BF1-967A-24E46C7F1954}
	EndGlobalSection
EndGlobal
