
Microsoft Visual Studio Solution File, Format Version 12.00
# Visual Studio 15
VisualStudioVersion = 15.0.28307.438
MinimumVisualStudioVersion = 10.0.40219.1
Project("{FAE04EC0-301F-11D3-BF4B-00C04F79EFBC}") = "Farba", "Farba\Farba.csproj", "{A1CB66A5-335A-4E1C-BC3B-2D7273A95981}"
EndProject
Project("{FAE04EC0-301F-11D3-BF4B-00C04F79EFBC}") = "ColorModels", "ColorModels\ColorModels.csproj", "{5F6FD644-8D4E-47BD-B3CB-5F91921EDF18}"
EndProject
Project("{9A19103F-16F7-4668-BE54-9A1E7A4F7556}") = "Tests", "Tests\Tests.csproj", "{72195342-876A-4D6C-BDB5-0BD24DE9D86C}"
EndProject
Project("{FAE04EC0-301F-11D3-BF4B-00C04F79EFBC}") = "ImageCluster", "ImageCluster\ImageCluster.csproj", "{8B5710B8-7ECB-4DEC-A229-7844ECFA6377}"
EndProject
Global
	GlobalSection(SolutionConfigurationPlatforms) = preSolution
		Debug|Any CPU = Debug|Any CPU
		Release|Any CPU = Release|Any CPU
	EndGlobalSection
	GlobalSection(ProjectConfigurationPlatforms) = postSolution
		{A1CB66A5-335A-4E1C-BC3B-2D7273A95981}.Debug|Any CPU.ActiveCfg = Debug|Any CPU
		{A1CB66A5-335A-4E1C-BC3B-2D7273A95981}.Debug|Any CPU.Build.0 = Debug|Any CPU
		{A1CB66A5-335A-4E1C-BC3B-2D7273A95981}.Release|Any CPU.ActiveCfg = Release|Any CPU
		{A1CB66A5-335A-4E1C-BC3B-2D7273A95981}.Release|Any CPU.Build.0 = Release|Any CPU
		{5F6FD644-8D4E-47BD-B3CB-5F91921EDF18}.Debug|Any CPU.ActiveCfg = Debug|Any CPU
		{5F6FD644-8D4E-47BD-B3CB-5F91921EDF18}.Debug|Any CPU.Build.0 = Debug|Any CPU
		{5F6FD644-8D4E-47BD-B3CB-5F91921EDF18}.Release|Any CPU.ActiveCfg = Release|Any CPU
		{5F6FD644-8D4E-47BD-B3CB-5F91921EDF18}.Release|Any CPU.Build.0 = Release|Any CPU
		{72195342-876A-4D6C-BDB5-0BD24DE9D86C}.Debug|Any CPU.ActiveCfg = Debug|Any CPU
		{72195342-876A-4D6C-BDB5-0BD24DE9D86C}.Debug|Any CPU.Build.0 = Debug|Any CPU
		{72195342-876A-4D6C-BDB5-0BD24DE9D86C}.Release|Any CPU.ActiveCfg = Release|Any CPU
		{72195342-876A-4D6C-BDB5-0BD24DE9D86C}.Release|Any CPU.Build.0 = Release|Any CPU
		{8B5710B8-7ECB-4DEC-A229-7844ECFA6377}.Debug|Any CPU.ActiveCfg = Debug|Any CPU
		{8B5710B8-7ECB-4DEC-A229-7844ECFA6377}.Debug|Any CPU.Build.0 = Debug|Any CPU
		{8B5710B8-7ECB-4DEC-A229-7844ECFA6377}.Release|Any CPU.ActiveCfg = Release|Any CPU
		{8B5710B8-7ECB-4DEC-A229-7844ECFA6377}.Release|Any CPU.Build.0 = Release|Any CPU
	EndGlobalSection
	GlobalSection(SolutionProperties) = preSolution
		HideSolutionNode = FALSE
	EndGlobalSection
	GlobalSection(ExtensibilityGlobals) = postSolution
		SolutionGuid = {F0AB2CD7-77A8-4BF1-967A-24E46C7F1954}
	EndGlobalSection
EndGlobal
